
Microsoft Visual Studio Solution File, Format Version 12.00
# Visual Studio 15
VisualStudioVersion = 15.0.28010.2036
MinimumVisualStudioVersion = 10.0.40219.1
Project("{FAE04EC0-301F-11D3-BF4B-00C04F79EFBC}") = "WebApplication3", "WebApplication3\WebApplication3.csproj", "{667CE7E9-2F4D-4C22-B368-3D95F14B9C40}"
EndProject
Global
	GlobalSection(SolutionConfigurationPlatforms) = preSolution
		Debug|Any CPU = Debug|Any CPU
		Release|Any CPU = Release|Any CPU
	EndGlobalSection
	GlobalSection(ProjectConfigurationPlatforms) = postSolution
		{667CE7E9-2F4D-4C22-B368-3D95F14B9C40}.Debug|Any CPU.ActiveCfg = Debug|Any CPU
		{667CE7E9-2F4D-4C22-B368-3D95F14B9C40}.Debug|Any CPU.Build.0 = Debug|Any CPU
		{667CE7E9-2F4D-4C22-B368-3D95F14B9C40}.Release|Any CPU.ActiveCfg = Release|Any CPU
		{667CE7E9-2F4D-4C22-B368-3D95F14B9C40}.Release|Any CPU.Build.0 = Release|Any CPU
	EndGlobalSection
	GlobalSection(SolutionProperties) = preSolution
		HideSolutionNode = FALSE
	EndGlobalSection
	GlobalSection(ExtensibilityGlobals) = postSolution
		SolutionGuid = {5B64D96C-AA3E-4AFA-867B-3E44B2AC89A7}
	EndGlobalSection
EndGlobal
